// !$*UTF8*$!
{
	archiveVersion = 1;
	classes = {
	};
	objectVersion = 50;
	objects = {

/* Begin PBXBuildFile section */
		7872112022BCA429008567F8 /* AppDelegate.m in Sources */ = {isa = PBXBuildFile; fileRef = 7872111F22BCA429008567F8 /* AppDelegate.m */; };
		7872112322BCA429008567F8 /* ViewController.m in Sources */ = {isa = PBXBuildFile; fileRef = 7872112222BCA429008567F8 /* ViewController.m */; };
		7872112622BCA429008567F8 /* Main.storyboard in Resources */ = {isa = PBXBuildFile; fileRef = 7872112422BCA429008567F8 /* Main.storyboard */; };
		7872112822BCA42E008567F8 /* Assets.xcassets in Resources */ = {isa = PBXBuildFile; fileRef = 7872112722BCA42E008567F8 /* Assets.xcassets */; };
		7872112B22BCA42E008567F8 /* LaunchScreen.storyboard in Resources */ = {isa = PBXBuildFile; fileRef = 7872112922BCA42E008567F8 /* LaunchScreen.storyboard */; };
		7872112E22BCA42E008567F8 /* main.m in Sources */ = {isa = PBXBuildFile; fileRef = 7872112D22BCA42E008567F8 /* main.m */; };
		7872113522BCA666008567F8 /* 枪cad文件.dwg in Resources */ = {isa = PBXBuildFile; fileRef = 7872113422BCA666008567F8 /* 枪cad文件.dwg */; };
		7872113922BCA6C2008567F8 /* 需求清单.xlsx in Resources */ = {isa = PBXBuildFile; fileRef = 7872113822BCA6C2008567F8 /* 需求清单.xlsx */; };
		7872113B22BCA6F1008567F8 /* 各部门流程.docx in Resources */ = {isa = PBXBuildFile; fileRef = 7872113A22BCA6F1008567F8 /* 各部门流程.docx */; };
		7872114B22BCAB78008567F8 /* test.pdf in Resources */ = {isa = PBXBuildFile; fileRef = 7872114A22BCAB78008567F8 /* test.pdf */; };
		7872114F22BCABE2008567F8 /* otherFileVC.m in Sources */ = {isa = PBXBuildFile; fileRef = 7872114D22BCABE2008567F8 /* otherFileVC.m */; };
		7872115022BCABE2008567F8 /* otherFileVC.xib in Resources */ = {isa = PBXBuildFile; fileRef = 7872114E22BCABE2008567F8 /* otherFileVC.xib */; };
		7872115222BCACDC008567F8 /* unfile.png in Resources */ = {isa = PBXBuildFile; fileRef = 7872115122BCACDC008567F8 /* unfile.png */; };
/* End PBXBuildFile section */

/* Begin PBXFileReference section */
		7872111B22BCA429008567F8 /* openFile.app */ = {isa = PBXFileReference; explicitFileType = wrapper.application; includeInIndex = 0; path = openFile.app; sourceTree = BUILT_PRODUCTS_DIR; };
		7872111E22BCA429008567F8 /* AppDelegate.h */ = {isa = PBXFileReference; lastKnownFileType = sourcecode.c.h; path = AppDelegate.h; sourceTree = "<group>"; };
		7872111F22BCA429008567F8 /* AppDelegate.m */ = {isa = PBXFileReference; lastKnownFileType = sourcecode.c.objc; path = AppDelegate.m; sourceTree = "<group>"; };
		7872112122BCA429008567F8 /* ViewController.h */ = {isa = PBXFileReference; lastKnownFileType = sourcecode.c.h; path = ViewController.h; sourceTree = "<group>"; };
		7872112222BCA429008567F8 /* ViewController.m */ = {isa = PBXFileReference; lastKnownFileType = sourcecode.c.objc; path = ViewController.m; sourceTree = "<group>"; };
		7872112522BCA429008567F8 /* Base */ = {isa = PBXFileReference; lastKnownFileType = file.storyboard; name = Base; path = Base.lproj/Main.storyboard; sourceTree = "<group>"; };
		7872112722BCA42E008567F8 /* Assets.xcassets */ = {isa = PBXFileReference; lastKnownFileType = folder.assetcatalog; path = Assets.xcassets; sourceTree = "<group>"; };
		7872112A22BCA42E008567F8 /* Base */ = {isa = PBXFileReference; lastKnownFileType = file.storyboard; name = Base; path = Base.lproj/LaunchScreen.storyboard; sourceTree = "<group>"; };
		7872112C22BCA42E008567F8 /* Info.plist */ = {isa = PBXFileReference; lastKnownFileType = text.plist.xml; path = Info.plist; sourceTree = "<group>"; };
		7872112D22BCA42E008567F8 /* main.m */ = {isa = PBXFileReference; lastKnownFileType = sourcecode.c.objc; path = main.m; sourceTree = "<group>"; };
		7872113422BCA666008567F8 /* 枪cad文件.dwg */ = {isa = PBXFileReference; lastKnownFileType = file; path = "枪cad文件.dwg"; sourceTree = "<group>"; };
		7872113822BCA6C2008567F8 /* 需求清单.xlsx */ = {isa = PBXFileReference; lastKnownFileType = file; path = "需求清单.xlsx"; sourceTree = "<group>"; };
		7872113A22BCA6F1008567F8 /* 各部门流程.docx */ = {isa = PBXFileReference; lastKnownFileType = file; path = "各部门流程.docx"; sourceTree = "<group>"; };
		7872114A22BCAB78008567F8 /* test.pdf */ = {isa = PBXFileReference; lastKnownFileType = image.pdf; path = test.pdf; sourceTree = "<group>"; };
		7872114C22BCABE2008567F8 /* otherFileVC.h */ = {isa = PBXFileReference; lastKnownFileType = sourcecode.c.h; path = otherFileVC.h; sourceTree = "<group>"; };
		7872114D22BCABE2008567F8 /* otherFileVC.m */ = {isa = PBXFileReference; lastKnownFileType = sourcecode.c.objc; path = otherFileVC.m; sourceTree = "<group>"; };
		7872114E22BCABE2008567F8 /* otherFileVC.xib */ = {isa = PBXFileReference; lastKnownFileType = file.xib; path = otherFileVC.xib; sourceTree = "<group>"; };
		7872115122BCACDC008567F8 /* unfile.png */ = {isa = PBXFileReference; lastKnownFileType = image.png; path = unfile.png; sourceTree = "<group>"; };
/* End PBXFileReference section */

/* Begin PBXFrameworksBuildPhase section */
		7872111822BCA429008567F8 /* Frameworks */ = {
			isa = PBXFrameworksBuildPhase;
			buildActionMask = 2147483647;
			files = (
			);
			runOnlyForDeploymentPostprocessing = 0;
		};
/* End PBXFrameworksBuildPhase section */

/* Begin PBXGroup section */
		7872111222BCA429008567F8 = {
			isa = PBXGroup;
			children = (
				7872111D22BCA429008567F8 /* openFile */,
				7872111C22BCA429008567F8 /* Products */,
			);
			sourceTree = "<group>";
		};
		7872111C22BCA429008567F8 /* Products */ = {
			isa = PBXGroup;
			children = (
				7872111B22BCA429008567F8 /* openFile.app */,
			);
			name = Products;
			sourceTree = "<group>";
		};
		7872111D22BCA429008567F8 /* openFile */ = {
			isa = PBXGroup;
			children = (
				7872113A22BCA6F1008567F8 /* 各部门流程.docx */,
				7872113822BCA6C2008567F8 /* 需求清单.xlsx */,
				7872114A22BCAB78008567F8 /* test.pdf */,
				7872113422BCA666008567F8 /* 枪cad文件.dwg */,
				7872111E22BCA429008567F8 /* AppDelegate.h */,
				7872111F22BCA429008567F8 /* AppDelegate.m */,
				7872112122BCA429008567F8 /* ViewController.h */,
				7872112222BCA429008567F8 /* ViewController.m */,
				7872114C22BCABE2008567F8 /* otherFileVC.h */,
				7872114D22BCABE2008567F8 /* otherFileVC.m */,
				7872114E22BCABE2008567F8 /* otherFileVC.xib */,
				7872115122BCACDC008567F8 /* unfile.png */,
				7872112422BCA429008567F8 /* Main.storyboard */,
				7872112722BCA42E008567F8 /* Assets.xcassets */,
				7872112922BCA42E008567F8 /* LaunchScreen.storyboard */,
				7872112C22BCA42E008567F8 /* Info.plist */,
				7872112D22BCA42E008567F8 /* main.m */,
			);
			path = openFile;
			sourceTree = "<group>";
		};
/* End PBXGroup section */

/* Begin PBXNativeTarget section */
		7872111A22BCA429008567F8 /* openFile */ = {
			isa = PBXNativeTarget;
			buildConfigurationList = 7872113122BCA42E008567F8 /* Build configuration list for PBXNativeTarget "openFile" */;
			buildPhases = (
				7872111722BCA429008567F8 /* Sources */,
				7872111822BCA429008567F8 /* Frameworks */,
				7872111922BCA429008567F8 /* Resources */,
			);
			buildRules = (
			);
			dependencies = (
			);
			name = openFile;
			productName = openFile;
			productReference = 7872111B22BCA429008567F8 /* openFile.app */;
			productType = "com.apple.product-type.application";
		};
/* End PBXNativeTarget section */

/* Begin PBXProject section */
		7872111322BCA429008567F8 /* Project object */ = {
			isa = PBXProject;
			attributes = {
				LastUpgradeCheck = 1020;
				ORGANIZATIONNAME = kaiyue;
				TargetAttributes = {
					7872111A22BCA429008567F8 = {
						CreatedOnToolsVersion = 10.2.1;
					};
				};
			};
			buildConfigurationList = 7872111622BCA429008567F8 /* Build configuration list for PBXProject "openFile" */;
			compatibilityVersion = "Xcode 9.3";
			developmentRegion = en;
			hasScannedForEncodings = 0;
			knownRegions = (
				en,
				Base,
			);
			mainGroup = 7872111222BCA429008567F8;
			productRefGroup = 7872111C22BCA429008567F8 /* Products */;
			projectDirPath = "";
			projectRoot = "";
			targets = (
				7872111A22BCA429008567F8 /* openFile */,
			);
		};
/* End PBXProject section */

/* Begin PBXResourcesBuildPhase section */
		7872111922BCA429008567F8 /* Resources */ = {
			isa = PBXResourcesBuildPhase;
			buildActionMask = 2147483647;
			files = (
				7872112B22BCA42E008567F8 /* LaunchScreen.storyboard in Resources */,
				7872113522BCA666008567F8 /* 枪cad文件.dwg in Resources */,
				7872112822BCA42E008567F8 /* Assets.xcassets in Resources */,
				7872115022BCABE2008567F8 /* otherFileVC.xib in Resources */,
				7872115222BCACDC008567F8 /* unfile.png in Resources */,
				7872112622BCA429008567F8 /* Main.storyboard in Resources */,
				7872113B22BCA6F1008567F8 /* 各部门流程.docx in Resources */,
				7872113922BCA6C2008567F8 /* 需求清单.xlsx in Resources */,
				7872114B22BCAB78008567F8 /* test.pdf in Resources */,
			);
			runOnlyForDeploymentPostprocessing = 0;
		};
/* End PBXResourcesBuildPhase section */

/* Begin PBXSourcesBuildPhase section */
		7872111722BCA429008567F8 /* Sources */ = {
			isa = PBXSourcesBuildPhase;
			buildActionMask = 2147483647;
			files = (
				7872112322BCA429008567F8 /* ViewController.m in Sources */,
				7872112E22BCA42E008567F8 /* main.m in Sources */,
				7872112022BCA429008567F8 /* AppDelegate.m in Sources */,
				7872114F22BCABE2008567F8 /* otherFileVC.m in Sources */,
			);
			runOnlyForDeploymentPostprocessing = 0;
		};
/* End PBXSourcesBuildPhase section */

/* Begin PBXVariantGroup section */
		7872112422BCA429008567F8 /* Main.storyboard */ = {
			isa = PBXVariantGroup;
			children = (
				7872112522BCA429008567F8 /* Base */,
			);
			name = Main.storyboard;
			sourceTree = "<group>";
		};
		7872112922BCA42E008567F8 /* LaunchScreen.storyboard */ = {
			isa = PBXVariantGroup;
			children = (
				7872112A22BCA42E008567F8 /* Base */,
			);
			name = LaunchScreen.storyboard;
			sourceTree = "<group>";
		};
/* End PBXVariantGroup section */

/* Begin XCBuildConfiguration section */
		7872112F22BCA42E008567F8 /* Debug */ = {
			isa = XCBuildConfiguration;
			buildSettings = {
				ALWAYS_SEARCH_USER_PATHS = NO;
				CLANG_ANALYZER_NONNULL = YES;
				CLANG_ANALYZER_NUMBER_OBJECT_CONVERSION = YES_AGGRESSIVE;
				CLANG_CXX_LANGUAGE_STANDARD = "gnu++14";
				CLANG_CXX_LIBRARY = "libc++";
				CLANG_ENABLE_MODULES = YES;
				CLANG_ENABLE_OBJC_ARC = YES;
				CLANG_ENABLE_OBJC_WEAK = YES;
				CLANG_WARN_BLOCK_CAPTURE_AUTORELEASING = YES;
				CLANG_WARN_BOOL_CONVERSION = YES;
				CLANG_WARN_COMMA = YES;
				CLANG_WARN_CONSTANT_CONVERSION = YES;
				CLANG_WARN_DEPRECATED_OBJC_IMPLEMENTATIONS = YES;
				CLANG_WARN_DIRECT_OBJC_ISA_USAGE = YES_ERROR;
				CLANG_WARN_DOCUMENTATION_COMMENTS = YES;
				CLANG_WARN_EMPTY_BODY = YES;
				CLANG_WARN_ENUM_CONVERSION = YES;
				CLANG_WARN_INFINITE_RECURSION = YES;
				CLANG_WARN_INT_CONVERSION = YES;
				CLANG_WARN_NON_LITERAL_NULL_CONVERSION = YES;
				CLANG_WARN_OBJC_IMPLICIT_RETAIN_SELF = YES;
				CLANG_WARN_OBJC_LITERAL_CONVERSION = YES;
				CLANG_WARN_OBJC_ROOT_CLASS = YES_ERROR;
				CLANG_WARN_RANGE_LOOP_ANALYSIS = YES;
				CLANG_WARN_STRICT_PROTOTYPES = YES;
				CLANG_WARN_SUSPICIOUS_MOVE = YES;
				CLANG_WARN_UNGUARDED_AVAILABILITY = YES_AGGRESSIVE;
				CLANG_WARN_UNREACHABLE_CODE = YES;
				CLANG_WARN__DUPLICATE_METHOD_MATCH = YES;
				CODE_SIGN_IDENTITY = "iPhone Developer";
				COPY_PHASE_STRIP = NO;
				DEBUG_INFORMATION_FORMAT = dwarf;
				ENABLE_STRICT_OBJC_MSGSEND = YES;
				ENABLE_TESTABILITY = YES;
				GCC_C_LANGUAGE_STANDARD = gnu11;
				GCC_DYNAMIC_NO_PIC = NO;
				GCC_NO_COMMON_BLOCKS = YES;
				GCC_OPTIMIZATION_LEVEL = 0;
				GCC_PREPROCESSOR_DEFINITIONS = (
					"DEBUG=1",
					"$(inherited)",
				);
				GCC_WARN_64_TO_32_BIT_CONVERSION = YES;
				GCC_WARN_ABOUT_RETURN_TYPE = YES_ERROR;
				GCC_WARN_UNDECLARED_SELECTOR = YES;
				GCC_WARN_UNINITIALIZED_AUTOS = YES_AGGRESSIVE;
				GCC_WARN_UNUSED_FUNCTION = YES;
				GCC_WARN_UNUSED_VARIABLE = YES;
				IPHONEOS_DEPLOYMENT_TARGET = 12.2;
				MTL_ENABLE_DEBUG_INFO = INCLUDE_SOURCE;
				MTL_FAST_MATH = YES;
				ONLY_ACTIVE_ARCH = YES;
				SDKROOT = iphoneos;
			};
			name = Debug;
		};
		7872113022BCA42E008567F8 /* Release */ = {
			isa = XCBuildConfiguration;
			buildSettings = {
				ALWAYS_SEARCH_USER_PATHS = NO;
				CLANG_ANALYZER_NONNULL = YES;
				CLANG_ANALYZER_NUMBER_OBJECT_CONVERSION = YES_AGGRESSIVE;
				CLANG_CXX_LANGUAGE_STANDARD = "gnu++14";
				CLANG_CXX_LIBRARY = "libc++";
				CLANG_ENABLE_MODULES = YES;
				CLANG_ENABLE_OBJC_ARC = YES;
				CLANG_ENABLE_OBJC_WEAK = YES;
				CLANG_WARN_BLOCK_CAPTURE_AUTORELEASING = YES;
				CLANG_WARN_BOOL_CONVERSION = YES;
				CLANG_WARN_COMMA = YES;
				CLANG_WARN_CONSTANT_CONVERSION = YES;
				CLANG_WARN_DEPRECATED_OBJC_IMPLEMENTATIONS = YES;
				CLANG_WARN_DIRECT_OBJC_ISA_USAGE = YES_ERROR;
				CLANG_WARN_DOCUMENTATION_COMMENTS = YES;
				CLANG_WARN_EMPTY_BODY = YES;
				CLANG_WARN_ENUM_CONVERSION = YES;
				CLANG_WARN_INFINITE_RECURSION = YES;
				CLANG_WARN_INT_CONVERSION = YES;
				CLANG_WARN_NON_LITERAL_NULL_CONVERSION = YES;
				CLANG_WARN_OBJC_IMPLICIT_RETAIN_SELF = YES;
				CLANG_WARN_OBJC_LITERAL_CONVERSION = YES;
				CLANG_WARN_OBJC_ROOT_CLASS = YES_ERROR;
				CLANG_WARN_RANGE_LOOP_ANALYSIS = YES;
				CLANG_WARN_STRICT_PROTOTYPES = YES;
				CLANG_WARN_SUSPICIOUS_MOVE = YES;
				CLANG_WARN_UNGUARDED_AVAILABILITY = YES_AGGRESSIVE;
				CLANG_WARN_UNREACHABLE_CODE = YES;
				CLANG_WARN__DUPLICATE_METHOD_MATCH = YES;
				CODE_SIGN_IDENTITY = "iPhone Developer";
				COPY_PHASE_STRIP = NO;
				DEBUG_INFORMATION_FORMAT = "dwarf-with-dsym";
				ENABLE_NS_ASSERTIONS = NO;
				ENABLE_STRICT_OBJC_MSGSEND = YES;
				GCC_C_LANGUAGE_STANDARD = gnu11;
				GCC_NO_COMMON_BLOCKS = YES;
				GCC_WARN_64_TO_32_BIT_CONVERSION = YES;
				GCC_WARN_ABOUT_RETURN_TYPE = YES_ERROR;
				GCC_WARN_UNDECLARED_SELECTOR = YES;
				GCC_WARN_UNINITIALIZED_AUTOS = YES_AGGRESSIVE;
				GCC_WARN_UNUSED_FUNCTION = YES;
				GCC_WARN_UNUSED_VARIABLE = YES;
				IPHONEOS_DEPLOYMENT_TARGET = 12.2;
				MTL_ENABLE_DEBUG_INFO = NO;
				MTL_FAST_MATH = YES;
				SDKROOT = iphoneos;
				VALIDATE_PRODUCT = YES;
			};
			name = Release;
		};
		7872113222BCA42E008567F8 /* Debug */ = {
			isa = XCBuildConfiguration;
			buildSettings = {
				ASSETCATALOG_COMPILER_APPICON_NAME = AppIcon;
				CODE_SIGN_STYLE = Automatic;
				DEVELOPMENT_TEAM = WNGLZAF427;
				INFOPLIST_FILE = openFile/Info.plist;
				LD_RUNPATH_SEARCH_PATHS = (
					"$(inherited)",
					"@executable_path/Frameworks",
				);
				PRODUCT_BUNDLE_IDENTIFIER = yuejianli.openFile;
				PRODUCT_NAME = "$(TARGET_NAME)";
				TARGETED_DEVICE_FAMILY = "1,2";
			};
			name = Debug;
		};
		7872113322BCA42E008567F8 /* Release */ = {
			isa = XCBuildConfiguration;
			buildSettings = {
				ASSETCATALOG_COMPILER_APPICON_NAME = AppIcon;
				CODE_SIGN_STYLE = Automatic;
				DEVELOPMENT_TEAM = WNGLZAF427;
				INFOPLIST_FILE = openFile/Info.plist;
				LD_RUNPATH_SEARCH_PATHS = (
					"$(inherited)",
					"@executable_path/Frameworks",
				);
				PRODUCT_BUNDLE_IDENTIFIER = yuejianli.openFile;
				PRODUCT_NAME = "$(TARGET_NAME)";
				TARGETED_DEVICE_FAMILY = "1,2";
			};
			name = Release;
		};
/* End XCBuildConfiguration section */

/* Begin XCConfigurationList section */
		7872111622BCA429008567F8 /* Build configuration list for PBXProject "openFile" */ = {
			isa = XCConfigurationList;
			buildConfigurations = (
				7872112F22BCA42E008567F8 /* Debug */,
				7872113022BCA42E008567F8 /* Release */,
			);
			defaultConfigurationIsVisible = 0;
			defaultConfigurationName = Release;
		};
		7872113122BCA42E008567F8 /* Build configuration list for PBXNativeTarget "openFile" */ = {
			isa = XCConfigurationList;
			buildConfigurations = (
				7872113222BCA42E008567F8 /* Debug */,
				7872113322BCA42E008567F8 /* Release */,
			);
			defaultConfigurationIsVisible = 0;
			defaultConfigurationName = Release;
		};
/* End XCConfigurationList section */
	};
	rootObject = 7872111322BCA429008567F8 /* Project object */;
}
